
Microsoft Visual Studio Solution File, Format Version 12.00
# Visual Studio Version 17
VisualStudioVersion = 17.7.34024.191
MinimumVisualStudioVersion = 10.0.40219.1
Project("{FAE04EC0-301F-11D3-BF4B-00C04F79EFBC}") = "Web_Lab_03", "Web_Lab_03\Web_Lab_03.csproj", "{B35F1D0A-C910-49C0-A2E7-DDAFC3CE4420}"
EndProject
Project("{FAE04EC0-301F-11D3-BF4B-00C04F79EFBC}") = "Web_Lab03_bt1", "bt1\Web_Lab03_bt1.csproj", "{93C0FDFF-2A41-4066-BF23-C5F22B7AA9F0}"
EndProject
Project("{FAE04EC0-301F-11D3-BF4B-00C04F79EFBC}") = "Web_Lab_03_bt2", "Web_Lab_03_bt2\Web_Lab_03_bt2.csproj", "{2FE8BD9C-DF09-48DC-BA46-1A123E587E09}"
EndProject
Global
	GlobalSection(SolutionConfigurationPlatforms) = preSolution
		Debug|Any CPU = Debug|Any CPU
		Release|Any CPU = Release|Any CPU
	EndGlobalSection
	GlobalSection(ProjectConfigurationPlatforms) = postSolution
		{B35F1D0A-C910-49C0-A2E7-DDAFC3CE4420}.Debug|Any CPU.ActiveCfg = Debug|Any CPU
		{B35F1D0A-C910-49C0-A2E7-DDAFC3CE4420}.Debug|Any CPU.Build.0 = Debug|Any CPU
		{B35F1D0A-C910-49C0-A2E7-DDAFC3CE4420}.Release|Any CPU.ActiveCfg = Release|Any CPU
		{B35F1D0A-C910-49C0-A2E7-DDAFC3CE4420}.Release|Any CPU.Build.0 = Release|Any CPU
		{93C0FDFF-2A41-4066-BF23-C5F22B7AA9F0}.Debug|Any CPU.ActiveCfg = Debug|Any CPU
		{93C0FDFF-2A41-4066-BF23-C5F22B7AA9F0}.Debug|Any CPU.Build.0 = Debug|Any CPU
		{93C0FDFF-2A41-4066-BF23-C5F22B7AA9F0}.Release|Any CPU.ActiveCfg = Release|Any CPU
		{93C0FDFF-2A41-4066-BF23-C5F22B7AA9F0}.Release|Any CPU.Build.0 = Release|Any CPU
		{2FE8BD9C-DF09-48DC-BA46-1A123E587E09}.Debug|Any CPU.ActiveCfg = Debug|Any CPU
		{2FE8BD9C-DF09-48DC-BA46-1A123E587E09}.Debug|Any CPU.Build.0 = Debug|Any CPU
		{2FE8BD9C-DF09-48DC-BA46-1A123E587E09}.Release|Any CPU.ActiveCfg = Release|Any CPU
		{2FE8BD9C-DF09-48DC-BA46-1A123E587E09}.Release|Any CPU.Build.0 = Release|Any CPU
	EndGlobalSection
	GlobalSection(SolutionProperties) = preSolution
		HideSolutionNode = FALSE
	EndGlobalSection
	GlobalSection(ExtensibilityGlobals) = postSolution
		SolutionGuid = {80D1004B-0A93-41D3-B26B-1085588EFA0B}
	EndGlobalSection
EndGlobal
